
Microsoft Visual Studio Solution File, Format Version 12.00
# Visual Studio Version 17
VisualStudioVersion = 17.0.31919.166
MinimumVisualStudioVersion = 10.0.40219.1
Project("{FAE04EC0-301F-11D3-BF4B-00C04F79EFBC}") = "InterfaceSegregationPrinciple", "InterfaceSegregationPrinciple\InterfaceSegregationPrinciple.csproj", "{2E5D99DB-50D2-4A47-BE32-5C9B4FF59DE7}"
EndProject
Project("{FAE04EC0-301F-11D3-BF4B-00C04F79EFBC}") = "SingleResponsabilityPrinciple", "SingleResponsabilityPrinciple\SingleResponsabilityPrinciple.csproj", "{9A4AA08B-1946-41D8-9C5F-6B6212385541}"
EndProject
Project("{FAE04EC0-301F-11D3-BF4B-00C04F79EFBC}") = "OpenClosedPrinciple", "OpenClosedPrinciple\OpenClosedPrinciple.csproj", "{0FD36CEF-DD38-4988-A534-1F2AD92C4402}"
EndProject
Project("{FAE04EC0-301F-11D3-BF4B-00C04F79EFBC}") = "LiskovSubstitutionPrinciple", "LiskovSubstitutionPrinciple\LiskovSubstitutionPrinciple.csproj", "{7A03275C-0DBD-4EF7-8FE0-730CDC35C5A6}"
EndProject
Project("{FAE04EC0-301F-11D3-BF4B-00C04F79EFBC}") = "DependencyInversionPrinciple", "DependencyInversionPrinciple\DependencyInversionPrinciple.csproj", "{14ADCC44-A432-4D9C-93D6-6F19D05C677E}"
EndProject
Global
	GlobalSection(SolutionConfigurationPlatforms) = preSolution
		Debug|Any CPU = Debug|Any CPU
		Release|Any CPU = Release|Any CPU
	EndGlobalSection
	GlobalSection(ProjectConfigurationPlatforms) = postSolution
		{2E5D99DB-50D2-4A47-BE32-5C9B4FF59DE7}.Debug|Any CPU.ActiveCfg = Debug|Any CPU
		{2E5D99DB-50D2-4A47-BE32-5C9B4FF59DE7}.Debug|Any CPU.Build.0 = Debug|Any CPU
		{2E5D99DB-50D2-4A47-BE32-5C9B4FF59DE7}.Release|Any CPU.ActiveCfg = Release|Any CPU
		{2E5D99DB-50D2-4A47-BE32-5C9B4FF59DE7}.Release|Any CPU.Build.0 = Release|Any CPU
		{9A4AA08B-1946-41D8-9C5F-6B6212385541}.Debug|Any CPU.ActiveCfg = Debug|Any CPU
		{9A4AA08B-1946-41D8-9C5F-6B6212385541}.Debug|Any CPU.Build.0 = Debug|Any CPU
		{9A4AA08B-1946-41D8-9C5F-6B6212385541}.Release|Any CPU.ActiveCfg = Release|Any CPU
		{9A4AA08B-1946-41D8-9C5F-6B6212385541}.Release|Any CPU.Build.0 = Release|Any CPU
		{0FD36CEF-DD38-4988-A534-1F2AD92C4402}.Debug|Any CPU.ActiveCfg = Debug|Any CPU
		{0FD36CEF-DD38-4988-A534-1F2AD92C4402}.Debug|Any CPU.Build.0 = Debug|Any CPU
		{0FD36CEF-DD38-4988-A534-1F2AD92C4402}.Release|Any CPU.ActiveCfg = Release|Any CPU
		{0FD36CEF-DD38-4988-A534-1F2AD92C4402}.Release|Any CPU.Build.0 = Release|Any CPU
		{7A03275C-0DBD-4EF7-8FE0-730CDC35C5A6}.Debug|Any CPU.ActiveCfg = Debug|Any CPU
		{7A03275C-0DBD-4EF7-8FE0-730CDC35C5A6}.Debug|Any CPU.Build.0 = Debug|Any CPU
		{7A03275C-0DBD-4EF7-8FE0-730CDC35C5A6}.Release|Any CPU.ActiveCfg = Release|Any CPU
		{7A03275C-0DBD-4EF7-8FE0-730CDC35C5A6}.Release|Any CPU.Build.0 = Release|Any CPU
		{14ADCC44-A432-4D9C-93D6-6F19D05C677E}.Debug|Any CPU.ActiveCfg = Debug|Any CPU
		{14ADCC44-A432-4D9C-93D6-6F19D05C677E}.Debug|Any CPU.Build.0 = Debug|Any CPU
		{14ADCC44-A432-4D9C-93D6-6F19D05C677E}.Release|Any CPU.ActiveCfg = Release|Any CPU
		{14ADCC44-A432-4D9C-93D6-6F19D05C677E}.Release|Any CPU.Build.0 = Release|Any CPU
	EndGlobalSection
	GlobalSection(SolutionProperties) = preSolution
		HideSolutionNode = FALSE
	EndGlobalSection
	GlobalSection(ExtensibilityGlobals) = postSolution
		SolutionGuid = {AD1C46C0-75E7-4AAD-BA89-A199FB40664A}
	EndGlobalSection
EndGlobal
